
Microsoft Visual Studio Solution File, Format Version 12.00
# Visual Studio Version 17
VisualStudioVersion = 17.0.31903.59
MinimumVisualStudioVersion = 10.0.40219.1
Project("{2150E333-8FDC-42A3-9474-1A3956D46DE8}") = "src", "src", "{127CA78C-D07C-4EC8-9726-59C03B625C50}"
EndProject
Project("{FAE04EC0-301F-11D3-BF4B-00C04F79EFBC}") = "OpenDockify.AiAssist", "src\OpenDockify.AiAssist\OpenDockify.AiAssist.csproj", "{67F52221-3DC7-4D12-AF41-33DF6F04B855}"
EndProject
Project("{FAE04EC0-301F-11D3-BF4B-00C04F79EFBC}") = "OpenDockify.Api", "src\OpenDockify.Api\OpenDockify.Api.csproj", "{712997BF-61B0-4277-97A8-5FFB71A34F7A}"
EndProject
Project("{FAE04EC0-301F-11D3-BF4B-00C04F79EFBC}") = "OpenDockify.Auth", "src\OpenDockify.Auth\OpenDockify.Auth.csproj", "{EB0DEBF5-D71E-41DA-9B6F-ABB2D9F7D938}"
EndProject
Project("{FAE04EC0-301F-11D3-BF4B-00C04F79EFBC}") = "OpenDockify.Data", "src\OpenDockify.Data\OpenDockify.Data.csproj", "{769DA99A-B721-40AE-A873-0BEE3185B630}"
EndProject
Project("{FAE04EC0-301F-11D3-BF4B-00C04F79EFBC}") = "OpenDockify.Esign", "src\OpenDockify.Esign\OpenDockify.Esign.csproj", "{91FE7DAE-4CEC-4890-AB61-1A66D7A58DC2}"
EndProject
Project("{FAE04EC0-301F-11D3-BF4B-00C04F79EFBC}") = "OpenDockify.Finance", "src\OpenDockify.Finance\OpenDockify.Finance.csproj", "{6B1F7927-475E-4D7D-BF09-6C07CCC56803}"
EndProject
Project("{FAE04EC0-301F-11D3-BF4B-00C04F79EFBC}") = "OpenDockify.Generation", "src\OpenDockify.Generation\OpenDockify.Generation.csproj", "{A53595F2-FC13-4D05-A807-C1AB757DF8D1}"
EndProject
Project("{FAE04EC0-301F-11D3-BF4B-00C04F79EFBC}") = "OpenDockify.Rendering", "src\OpenDockify.Rendering\OpenDockify.Rendering.csproj", "{01CC2515-5549-4AC9-ACB2-EC7C57812CE8}"
EndProject
Project("{FAE04EC0-301F-11D3-BF4B-00C04F79EFBC}") = "OpenDockify.SystemConfig", "src\OpenDockify.SystemConfig\OpenDockify.SystemConfig.csproj", "{73BA59D6-FC29-432A-B3E5-29B0DCE2EA6B}"
EndProject
Project("{FAE04EC0-301F-11D3-BF4B-00C04F79EFBC}") = "OpenDockify.Templates", "src\OpenDockify.Templates\OpenDockify.Templates.csproj", "{9D34DB9E-1358-45EF-88BB-A1340D7CE7C6}"
EndProject
Project("{2150E333-8FDC-42A3-9474-1A3956D46DE8}") = "tests", "tests", "{63792203-3584-4013-B707-E2D5841A49D1}"
EndProject
Project("{FAE04EC0-301F-11D3-BF4B-00C04F79EFBC}") = "OpenDockify.ArchitectureTests", "tests\OpenDockify.ArchitectureTests\OpenDockify.ArchitectureTests.csproj", "{24C3715E-666B-48A4-91A6-1DBCFF18FF96}"
EndProject
Project("{FAE04EC0-301F-11D3-BF4B-00C04F79EFBC}") = "OpenDockify.UnitTests", "tests\OpenDockify.UnitTests\OpenDockify.UnitTests.csproj", "{0EEDF05D-4AD9-426B-AB2A-74D12BF29B3A}"
EndProject
Project("{FAE04EC0-301F-11D3-BF4B-00C04F79EFBC}") = "OpenDockify.Finance.Tests", "tests\OpenDockify.Finance.Tests\OpenDockify.Finance.Tests.csproj", "{9D1BCDAF-C5B4-4ED6-96FC-C92D423560B8}"
EndProject
Project("{FAE04EC0-301F-11D3-BF4B-00C04F79EFBC}") = "OpenDockify.Interviews", "src\OpenDockify.Interviews\OpenDockify.Interviews.csproj", "{E304D6AA-97D2-4618-89C8-322B2F125070}"
EndProject
Project("{FAE04EC0-301F-11D3-BF4B-00C04F79EFBC}") = "OpenDockify.Sharing", "src\OpenDockify.Sharing\OpenDockify.Sharing.csproj", "{F057C297-6ECF-41DB-AFD2-FA6280ED761C}"
EndProject
Project("{FAE04EC0-301F-11D3-BF4B-00C04F79EFBC}") = "OpenDockify.Operations", "src\OpenDockify.Operations\OpenDockify.Operations.csproj", "{4DA141C6-DF9F-4502-9D1F-A044D50FAC66}"
EndProject
Project("{FAE04EC0-301F-11D3-BF4B-00C04F79EFBC}") = "OpenDockify.Operations.Cli", "src\OpenDockify.Operations.Cli\OpenDockify.Operations.Cli.csproj", "{19D3F9EB-092C-422D-80BE-719DD212D1CE}"
EndProject
EndProject
Global
	GlobalSection(SolutionConfigurationPlatforms) = preSolution
		Debug|Any CPU = Debug|Any CPU
		Release|Any CPU = Release|Any CPU
	EndGlobalSection
	GlobalSection(SolutionProperties) = preSolution
		HideSolutionNode = FALSE
	EndGlobalSection
	GlobalSection(ProjectConfigurationPlatforms) = postSolution
		{67F52221-3DC7-4D12-AF41-33DF6F04B855}.Debug|Any CPU.ActiveCfg = Debug|Any CPU
		{67F52221-3DC7-4D12-AF41-33DF6F04B855}.Debug|Any CPU.Build.0 = Debug|Any CPU
		{67F52221-3DC7-4D12-AF41-33DF6F04B855}.Release|Any CPU.ActiveCfg = Release|Any CPU
		{67F52221-3DC7-4D12-AF41-33DF6F04B855}.Release|Any CPU.Build.0 = Release|Any CPU
		{712997BF-61B0-4277-97A8-5FFB71A34F7A}.Debug|Any CPU.ActiveCfg = Debug|Any CPU
		{712997BF-61B0-4277-97A8-5FFB71A34F7A}.Debug|Any CPU.Build.0 = Debug|Any CPU
		{712997BF-61B0-4277-97A8-5FFB71A34F7A}.Release|Any CPU.ActiveCfg = Release|Any CPU
		{712997BF-61B0-4277-97A8-5FFB71A34F7A}.Release|Any CPU.Build.0 = Release|Any CPU
		{EB0DEBF5-D71E-41DA-9B6F-ABB2D9F7D938}.Debug|Any CPU.ActiveCfg = Debug|Any CPU
		{EB0DEBF5-D71E-41DA-9B6F-ABB2D9F7D938}.Debug|Any CPU.Build.0 = Debug|Any CPU
		{EB0DEBF5-D71E-41DA-9B6F-ABB2D9F7D938}.Release|Any CPU.ActiveCfg = Release|Any CPU
		{EB0DEBF5-D71E-41DA-9B6F-ABB2D9F7D938}.Release|Any CPU.Build.0 = Release|Any CPU
		{769DA99A-B721-40AE-A873-0BEE3185B630}.Debug|Any CPU.ActiveCfg = Debug|Any CPU
		{769DA99A-B721-40AE-A873-0BEE3185B630}.Debug|Any CPU.Build.0 = Debug|Any CPU
		{769DA99A-B721-40AE-A873-0BEE3185B630}.Release|Any CPU.ActiveCfg = Release|Any CPU
		{769DA99A-B721-40AE-A873-0BEE3185B630}.Release|Any CPU.Build.0 = Release|Any CPU
		{91FE7DAE-4CEC-4890-AB61-1A66D7A58DC2}.Debug|Any CPU.ActiveCfg = Debug|Any CPU
		{91FE7DAE-4CEC-4890-AB61-1A66D7A58DC2}.Debug|Any CPU.Build.0 = Debug|Any CPU
		{91FE7DAE-4CEC-4890-AB61-1A66D7A58DC2}.Release|Any CPU.ActiveCfg = Release|Any CPU
		{91FE7DAE-4CEC-4890-AB61-1A66D7A58DC2}.Release|Any CPU.Build.0 = Release|Any CPU
		{6B1F7927-475E-4D7D-BF09-6C07CCC56803}.Debug|Any CPU.ActiveCfg = Debug|Any CPU
		{6B1F7927-475E-4D7D-BF09-6C07CCC56803}.Debug|Any CPU.Build.0 = Debug|Any CPU
		{6B1F7927-475E-4D7D-BF09-6C07CCC56803}.Release|Any CPU.ActiveCfg = Release|Any CPU
		{6B1F7927-475E-4D7D-BF09-6C07CCC56803}.Release|Any CPU.Build.0 = Release|Any CPU
		{A53595F2-FC13-4D05-A807-C1AB757DF8D1}.Debug|Any CPU.ActiveCfg = Debug|Any CPU
		{A53595F2-FC13-4D05-A807-C1AB757DF8D1}.Debug|Any CPU.Build.0 = Debug|Any CPU
		{A53595F2-FC13-4D05-A807-C1AB757DF8D1}.Release|Any CPU.ActiveCfg = Release|Any CPU
		{A53595F2-FC13-4D05-A807-C1AB757DF8D1}.Release|Any CPU.Build.0 = Release|Any CPU
		{01CC2515-5549-4AC9-ACB2-EC7C57812CE8}.Debug|Any CPU.ActiveCfg = Debug|Any CPU
		{01CC2515-5549-4AC9-ACB2-EC7C57812CE8}.Debug|Any CPU.Build.0 = Debug|Any CPU
		{01CC2515-5549-4AC9-ACB2-EC7C57812CE8}.Release|Any CPU.ActiveCfg = Release|Any CPU
		{01CC2515-5549-4AC9-ACB2-EC7C57812CE8}.Release|Any CPU.Build.0 = Release|Any CPU
		{73BA59D6-FC29-432A-B3E5-29B0DCE2EA6B}.Debug|Any CPU.ActiveCfg = Debug|Any CPU
		{73BA59D6-FC29-432A-B3E5-29B0DCE2EA6B}.Debug|Any CPU.Build.0 = Debug|Any CPU
		{73BA59D6-FC29-432A-B3E5-29B0DCE2EA6B}.Release|Any CPU.ActiveCfg = Release|Any CPU
		{73BA59D6-FC29-432A-B3E5-29B0DCE2EA6B}.Release|Any CPU.Build.0 = Release|Any CPU
		{9D34DB9E-1358-45EF-88BB-A1340D7CE7C6}.Debug|Any CPU.ActiveCfg = Debug|Any CPU
		{9D34DB9E-1358-45EF-88BB-A1340D7CE7C6}.Debug|Any CPU.Build.0 = Debug|Any CPU
		{9D34DB9E-1358-45EF-88BB-A1340D7CE7C6}.Release|Any CPU.ActiveCfg = Release|Any CPU
		{9D34DB9E-1358-45EF-88BB-A1340D7CE7C6}.Release|Any CPU.Build.0 = Release|Any CPU
		{24C3715E-666B-48A4-91A6-1DBCFF18FF96}.Debug|Any CPU.ActiveCfg = Debug|Any CPU
		{24C3715E-666B-48A4-91A6-1DBCFF18FF96}.Debug|Any CPU.Build.0 = Debug|Any CPU
		{24C3715E-666B-48A4-91A6-1DBCFF18FF96}.Release|Any CPU.ActiveCfg = Release|Any CPU
		{24C3715E-666B-48A4-91A6-1DBCFF18FF96}.Release|Any CPU.Build.0 = Release|Any CPU
		{0EEDF05D-4AD9-426B-AB2A-74D12BF29B3A}.Debug|Any CPU.ActiveCfg = Debug|Any CPU
		{0EEDF05D-4AD9-426B-AB2A-74D12BF29B3A}.Debug|Any CPU.Build.0 = Debug|Any CPU
		{0EEDF05D-4AD9-426B-AB2A-74D12BF29B3A}.Release|Any CPU.ActiveCfg = Release|Any CPU
		{0EEDF05D-4AD9-426B-AB2A-74D12BF29B3A}.Release|Any CPU.Build.0 = Release|Any CPU
		{9D1BCDAF-C5B4-4ED6-96FC-C92D423560B8}.Debug|Any CPU.ActiveCfg = Debug|Any CPU
		{9D1BCDAF-C5B4-4ED6-96FC-C92D423560B8}.Debug|Any CPU.Build.0 = Debug|Any CPU
		{9D1BCDAF-C5B4-4ED6-96FC-C92D423560B8}.Release|Any CPU.ActiveCfg = Release|Any CPU
		{9D1BCDAF-C5B4-4ED6-96FC-C92D423560B8}.Release|Any CPU.Build.0 = Release|Any CPU
		{E304D6AA-97D2-4618-89C8-322B2F125070}.Debug|Any CPU.ActiveCfg = Debug|Any CPU
		{E304D6AA-97D2-4618-89C8-322B2F125070}.Debug|Any CPU.Build.0 = Debug|Any CPU
		{E304D6AA-97D2-4618-89C8-322B2F125070}.Release|Any CPU.ActiveCfg = Release|Any CPU
		{E304D6AA-97D2-4618-89C8-322B2F125070}.Release|Any CPU.Build.0 = Release|Any CPU
		{F057C297-6ECF-41DB-AFD2-FA6280ED761C}.Debug|Any CPU.ActiveCfg = Debug|Any CPU
		{F057C297-6ECF-41DB-AFD2-FA6280ED761C}.Debug|Any CPU.Build.0 = Debug|Any CPU
		{F057C297-6ECF-41DB-AFD2-FA6280ED761C}.Release|Any CPU.ActiveCfg = Release|Any CPU
		{F057C297-6ECF-41DB-AFD2-FA6280ED761C}.Release|Any CPU.Build.0 = Release|Any CPU
		{4DA141C6-DF9F-4502-9D1F-A044D50FAC66}.Debug|Any CPU.ActiveCfg = Debug|Any CPU
		{4DA141C6-DF9F-4502-9D1F-A044D50FAC66}.Debug|Any CPU.Build.0 = Debug|Any CPU
		{4DA141C6-DF9F-4502-9D1F-A044D50FAC66}.Release|Any CPU.ActiveCfg = Release|Any CPU
		{4DA141C6-DF9F-4502-9D1F-A044D50FAC66}.Release|Any CPU.Build.0 = Release|Any CPU
		{19D3F9EB-092C-422D-80BE-719DD212D1CE}.Debug|Any CPU.ActiveCfg = Debug|Any CPU
		{19D3F9EB-092C-422D-80BE-719DD212D1CE}.Debug|Any CPU.Build.0 = Debug|Any CPU
		{19D3F9EB-092C-422D-80BE-719DD212D1CE}.Release|Any CPU.ActiveCfg = Release|Any CPU
		{19D3F9EB-092C-422D-80BE-719DD212D1CE}.Release|Any CPU.Build.0 = Release|Any CPU
		{2B9801ED-A75B-4D69-ABF5-75DB12F63CC7}.Debug|Any CPU.ActiveCfg = Debug|Any CPU
		{2B9801ED-A75B-4D69-ABF5-75DB12F63CC7}.Debug|Any CPU.Build.0 = Debug|Any CPU
		{2B9801ED-A75B-4D69-ABF5-75DB12F63CC7}.Release|Any CPU.ActiveCfg = Release|Any CPU
		{2B9801ED-A75B-4D69-ABF5-75DB12F63CC7}.Release|Any CPU.Build.0 = Release|Any CPU
	EndGlobalSection
	GlobalSection(NestedProjects) = preSolution
		{67F52221-3DC7-4D12-AF41-33DF6F04B855} = {127CA78C-D07C-4EC8-9726-59C03B625C50}
		{712997BF-61B0-4277-97A8-5FFB71A34F7A} = {127CA78C-D07C-4EC8-9726-59C03B625C50}
		{EB0DEBF5-D71E-41DA-9B6F-ABB2D9F7D938} = {127CA78C-D07C-4EC8-9726-59C03B625C50}
		{769DA99A-B721-40AE-A873-0BEE3185B630} = {127CA78C-D07C-4EC8-9726-59C03B625C50}
		{91FE7DAE-4CEC-4890-AB61-1A66D7A58DC2} = {127CA78C-D07C-4EC8-9726-59C03B625C50}
		{6B1F7927-475E-4D7D-BF09-6C07CCC56803} = {127CA78C-D07C-4EC8-9726-59C03B625C50}
		{A53595F2-FC13-4D05-A807-C1AB757DF8D1} = {127CA78C-D07C-4EC8-9726-59C03B625C50}
		{01CC2515-5549-4AC9-ACB2-EC7C57812CE8} = {127CA78C-D07C-4EC8-9726-59C03B625C50}
		{73BA59D6-FC29-432A-B3E5-29B0DCE2EA6B} = {127CA78C-D07C-4EC8-9726-59C03B625C50}
		{9D34DB9E-1358-45EF-88BB-A1340D7CE7C6} = {127CA78C-D07C-4EC8-9726-59C03B625C50}
		{24C3715E-666B-48A4-91A6-1DBCFF18FF96} = {63792203-3584-4013-B707-E2D5841A49D1}
		{0EEDF05D-4AD9-426B-AB2A-74D12BF29B3A} = {63792203-3584-4013-B707-E2D5841A49D1}
		{9D1BCDAF-C5B4-4ED6-96FC-C92D423560B8} = {63792203-3584-4013-B707-E2D5841A49D1}
		{E304D6AA-97D2-4618-89C8-322B2F125070} = {127CA78C-D07C-4EC8-9726-59C03B625C50}
		{F057C297-6ECF-41DB-AFD2-FA6280ED761C} = {127CA78C-D07C-4EC8-9726-59C03B625C50}
		{4DA141C6-DF9F-4502-9D1F-A044D50FAC66} = {127CA78C-D07C-4EC8-9726-59C03B625C50}
		{19D3F9EB-092C-422D-80BE-719DD212D1CE} = {127CA78C-D07C-4EC8-9726-59C03B625C50}
	EndGlobalSection
EndGlobal
